
Microsoft Visual Studio Solution File, Format Version 12.00
# Visual Studio 15
VisualStudioVersion = 15.0.28307.572
MinimumVisualStudioVersion = 10.0.40219.1
Project("{FAE04EC0-301F-11D3-BF4B-00C04F79EFBC}") = "CalculadoraFinanceira", "CalculadoraFinanceira\CalculadoraFinanceira.csproj", "{90A94704-314C-4F5E-9865-AA0C1B3C64DB}"
EndProject
Global
	GlobalSection(SolutionConfigurationPlatforms) = preSolution
		Debug|Any CPU = Debug|Any CPU
		Release|Any CPU = Release|Any CPU
	EndGlobalSection
	GlobalSection(ProjectConfigurationPlatforms) = postSolution
		{90A94704-314C-4F5E-9865-AA0C1B3C64DB}.Debug|Any CPU.ActiveCfg = Debug|Any CPU
		{90A94704-314C-4F5E-9865-AA0C1B3C64DB}.Debug|Any CPU.Build.0 = Debug|Any CPU
		{90A94704-314C-4F5E-9865-AA0C1B3C64DB}.Release|Any CPU.ActiveCfg = Release|Any CPU
		{90A94704-314C-4F5E-9865-AA0C1B3C64DB}.Release|Any CPU.Build.0 = Release|Any CPU
	EndGlobalSection
	GlobalSection(SolutionProperties) = preSolution
		HideSolutionNode = FALSE
	EndGlobalSection
	GlobalSection(ExtensibilityGlobals) = postSolution
		SolutionGuid = {48F63403-E44D-41FA-A33F-E5D0362E4F72}
	EndGlobalSection
EndGlobal
